// !$*UTF8*$!
{
	archiveVersion = 1;
	classes = {
	};
	objectVersion = 77;
	objects = {

/* Begin PBXBuildFile section */
		52B3705C3F13C4CCB5B1CFA3 /* Pods_Melodic.framework in Frameworks */ = {isa = PBXBuildFile; fileRef = ADFC5732F97F9E8A6F652D5E /* Pods_Melodic.framework */; };
		84347FD12D77F16C004B33FA /* .swiftlint.yml in Resources */ = {isa = PBXBuildFile; fileRef = 84347FD02D77F16C004B33FA /* .swiftlint.yml */; };
		84629FD52D717D7E006D34B9 /* Alamofire in Frameworks */ = {isa = PBXBuildFile; productRef = 84629FD42D717D7E006D34B9 /* Alamofire */; };
		84629FD72D717DC0006D34B9 /* Alamofire in Frameworks */ = {isa = PBXBuildFile; productRef = 84629FD62D717DC0006D34B9 /* Alamofire */; };
		846926B82D75A1BE003DBDCD /* Cache in Frameworks */ = {isa = PBXBuildFile; productRef = 846926B72D75A1BE003DBDCD /* Cache */; };
		846926BB2D75A1D4003DBDCD /* CryptoSwift in Frameworks */ = {isa = PBXBuildFile; productRef = 846926BA2D75A1D4003DBDCD /* CryptoSwift */; };
		846926BE2D75A1E8003DBDCD /* FancyScrollView in Frameworks */ = {isa = PBXBuildFile; productRef = 846926BD2D75A1E8003DBDCD /* FancyScrollView */; };
		846926C12D75A1FD003DBDCD /* Kingfisher in Frameworks */ = {isa = PBXBuildFile; productRef = 846926C02D75A1FD003DBDCD /* Kingfisher */; };
		846926C42D75A211003DBDCD /* NotificationBannerSwift in Frameworks */ = {isa = PBXBuildFile; productRef = 846926C32D75A211003DBDCD /* NotificationBannerSwift */; };
		846926CE2D75A23D003DBDCD /* Valet in Frameworks */ = {isa = PBXBuildFile; productRef = 846926CD2D75A23D003DBDCD /* Valet */; };
		84A956032D71635200A80D39 /* swiftgen.yml in Resources */ = {isa = PBXBuildFile; fileRef = 84A956022D71635200A80D39 /* swiftgen.yml */; };
		84A958D22D71755900A80D39 /* FirebaseAnalytics in Frameworks */ = {isa = PBXBuildFile; productRef = 84A958D12D71755900A80D39 /* FirebaseAnalytics */; };
		84A958D42D71755900A80D39 /* FirebaseAnalyticsOnDeviceConversion in Frameworks */ = {isa = PBXBuildFile; productRef = 84A958D32D71755900A80D39 /* FirebaseAnalyticsOnDeviceConversion */; };
		84A958D62D71755900A80D39 /* FirebaseAnalyticsWithoutAdIdSupport in Frameworks */ = {isa = PBXBuildFile; productRef = 84A958D52D71755900A80D39 /* FirebaseAnalyticsWithoutAdIdSupport */; };
		84A958D82D71755900A80D39 /* FirebaseAppCheck in Frameworks */ = {isa = PBXBuildFile; productRef = 84A958D72D71755900A80D39 /* FirebaseAppCheck */; };
		84A958DA2D71755900A80D39 /* FirebaseAppDistribution-Beta in Frameworks */ = {isa = PBXBuildFile; productRef = 84A958D92D71755900A80D39 /* FirebaseAppDistribution-Beta */; };
		84AC9BC62D7193B70009A078 /* FirebaseAnalytics in Frameworks */ = {isa = PBXBuildFile; productRef = 84AC9BC52D7193B70009A078 /* FirebaseAnalytics */; };
		84AC9BC82D7193B70009A078 /* FirebaseAnalyticsOnDeviceConversion in Frameworks */ = {isa = PBXBuildFile; productRef = 84AC9BC72D7193B70009A078 /* FirebaseAnalyticsOnDeviceConversion */; };
		84AC9BCA2D7193B70009A078 /* FirebaseAnalyticsWithoutAdIdSupport in Frameworks */ = {isa = PBXBuildFile; productRef = 84AC9BC92D7193B70009A078 /* FirebaseAnalyticsWithoutAdIdSupport */; };
		84AC9BCC2D7193B70009A078 /* FirebaseCore in Frameworks */ = {isa = PBXBuildFile; productRef = 84AC9BCB2D7193B70009A078 /* FirebaseCore */; };
		84AC9BCE2D7193B70009A078 /* FirebaseCrashlytics in Frameworks */ = {isa = PBXBuildFile; productRef = 84AC9BCD2D7193B70009A078 /* FirebaseCrashlytics */; };
		84EC448E2D759EED00A8833A /* LastFM in Frameworks */ = {isa = PBXBuildFile; productRef = 84EC448D2D759EED00A8833A /* LastFM */; };
/* End PBXBuildFile section */

/* Begin PBXFileReference section */
		12656F52FA51AC52AE4780A3 /* Pods-Melodic.release.xcconfig */ = {isa = PBXFileReference; includeInIndex = 1; lastKnownFileType = text.xcconfig; name = "Pods-Melodic.release.xcconfig"; path = "Target Support Files/Pods-Melodic/Pods-Melodic.release.xcconfig"; sourceTree = "<group>"; };
		2DC1A778F4C0D106D6E9471A /* Pods-Melodic.debug.xcconfig */ = {isa = PBXFileReference; includeInIndex = 1; lastKnownFileType = text.xcconfig; name = "Pods-Melodic.debug.xcconfig"; path = "Target Support Files/Pods-Melodic/Pods-Melodic.debug.xcconfig"; sourceTree = "<group>"; };
		84342F3F2D715D9200094E7C /* Melodic.app */ = {isa = PBXFileReference; explicitFileType = wrapper.application; includeInIndex = 0; path = Melodic.app; sourceTree = BUILT_PRODUCTS_DIR; };
		84347FD02D77F16C004B33FA /* .swiftlint.yml */ = {isa = PBXFileReference; lastKnownFileType = text.yaml; path = .swiftlint.yml; sourceTree = "<group>"; };
		84A956022D71635200A80D39 /* swiftgen.yml */ = {isa = PBXFileReference; lastKnownFileType = text.yaml; path = swiftgen.yml; sourceTree = "<group>"; };
		ADFC5732F97F9E8A6F652D5E /* Pods_Melodic.framework */ = {isa = PBXFileReference; explicitFileType = wrapper.framework; includeInIndex = 0; path = Pods_Melodic.framework; sourceTree = BUILT_PRODUCTS_DIR; };
		B8821219702B69A51869FFA2 /* Pods-melodic.debug.xcconfig */ = {isa = PBXFileReference; includeInIndex = 1; lastKnownFileType = text.xcconfig; name = "Pods-melodic.debug.xcconfig"; path = "Target Support Files/Pods-melodic/Pods-melodic.debug.xcconfig"; sourceTree = "<group>"; };
		E15ABB3B32D89F4074E001FE /* Pods-melodic.release.xcconfig */ = {isa = PBXFileReference; includeInIndex = 1; lastKnownFileType = text.xcconfig; name = "Pods-melodic.release.xcconfig"; path = "Target Support Files/Pods-melodic/Pods-melodic.release.xcconfig"; sourceTree = "<group>"; };
/* End PBXFileReference section */

/* Begin PBXFileSystemSynchronizedBuildFileExceptionSet section */
		84A9580A2D7171EB00A80D39 /* Exceptions for "Melodic" folder in "Melodic" target */ = {
			isa = PBXFileSystemSynchronizedBuildFileExceptionSet;
			membershipExceptions = (
				Info.plist,
				Shared/Configuration/Debug.xcconfig,
				Shared/Configuration/Release.xcconfig,
			);
			target = 84342F3E2D715D9200094E7C /* Melodic */;
		};
/* End PBXFileSystemSynchronizedBuildFileExceptionSet section */

/* Begin PBXFileSystemSynchronizedRootGroup section */
		84342F412D715D9200094E7C /* Melodic */ = {
			isa = PBXFileSystemSynchronizedRootGroup;
			exceptions = (
				84A9580A2D7171EB00A80D39 /* Exceptions for "Melodic" folder in "Melodic" target */,
			);
			path = Melodic;
			sourceTree = "<group>";
		};
/* End PBXFileSystemSynchronizedRootGroup section */

/* Begin PBXFrameworksBuildPhase section */
		84342F3C2D715D9200094E7C /* Frameworks */ = {
			isa = PBXFrameworksBuildPhase;
			buildActionMask = 2147483647;
			files = (
				846926BE2D75A1E8003DBDCD /* FancyScrollView in Frameworks */,
				84629FD72D717DC0006D34B9 /* Alamofire in Frameworks */,
				84A958D82D71755900A80D39 /* FirebaseAppCheck in Frameworks */,
				84AC9BC82D7193B70009A078 /* FirebaseAnalyticsOnDeviceConversion in Frameworks */,
				84AC9BCE2D7193B70009A078 /* FirebaseCrashlytics in Frameworks */,
				84A958D42D71755900A80D39 /* FirebaseAnalyticsOnDeviceConversion in Frameworks */,
				846926BB2D75A1D4003DBDCD /* CryptoSwift in Frameworks */,
				846926CE2D75A23D003DBDCD /* Valet in Frameworks */,
				84A958D62D71755900A80D39 /* FirebaseAnalyticsWithoutAdIdSupport in Frameworks */,
				84A958D22D71755900A80D39 /* FirebaseAnalytics in Frameworks */,
				84AC9BCA2D7193B70009A078 /* FirebaseAnalyticsWithoutAdIdSupport in Frameworks */,
				846926B82D75A1BE003DBDCD /* Cache in Frameworks */,
				84AC9BCC2D7193B70009A078 /* FirebaseCore in Frameworks */,
				846926C42D75A211003DBDCD /* NotificationBannerSwift in Frameworks */,
				84EC448E2D759EED00A8833A /* LastFM in Frameworks */,
				84629FD52D717D7E006D34B9 /* Alamofire in Frameworks */,
				84AC9BC62D7193B70009A078 /* FirebaseAnalytics in Frameworks */,
				846926C12D75A1FD003DBDCD /* Kingfisher in Frameworks */,
				84A958DA2D71755900A80D39 /* FirebaseAppDistribution-Beta in Frameworks */,
				52B3705C3F13C4CCB5B1CFA3 /* Pods_Melodic.framework in Frameworks */,
			);
			runOnlyForDeploymentPostprocessing = 0;
		};
/* End PBXFrameworksBuildPhase section */

/* Begin PBXGroup section */
		72CC56CE3C47DFA064F871B0 /* Frameworks */ = {
			isa = PBXGroup;
			children = (
				ADFC5732F97F9E8A6F652D5E /* Pods_Melodic.framework */,
			);
			name = Frameworks;
			sourceTree = "<group>";
		};
		84342F362D715D9200094E7C = {
			isa = PBXGroup;
			children = (
				72CC56CE3C47DFA064F871B0 /* Frameworks */,
				84342F412D715D9200094E7C /* Melodic */,
				86BA3BC25281E20942890B7A /* Pods */,
				84342F402D715D9200094E7C /* Products */,
				84A956022D71635200A80D39 /* swiftgen.yml */,
				84347FD02D77F16C004B33FA /* .swiftlint.yml */,
			);
			sourceTree = "<group>";
		};
		84342F402D715D9200094E7C /* Products */ = {
			isa = PBXGroup;
			children = (
				84342F3F2D715D9200094E7C /* Melodic.app */,
			);
			name = Products;
			sourceTree = "<group>";
		};
		86BA3BC25281E20942890B7A /* Pods */ = {
			isa = PBXGroup;
			children = (
				B8821219702B69A51869FFA2 /* Pods-melodic.debug.xcconfig */,
				E15ABB3B32D89F4074E001FE /* Pods-melodic.release.xcconfig */,
				2DC1A778F4C0D106D6E9471A /* Pods-Melodic.debug.xcconfig */,
				12656F52FA51AC52AE4780A3 /* Pods-Melodic.release.xcconfig */,
			);
			path = Pods;
			sourceTree = "<group>";
		};
/* End PBXGroup section */

/* Begin PBXNativeTarget section */
		84342F3E2D715D9200094E7C /* Melodic */ = {
			isa = PBXNativeTarget;
			buildConfigurationList = 84342F4E2D715D9300094E7C /* Build configuration list for PBXNativeTarget "Melodic" */;
			buildPhases = (
				1AB8D9C58A4017749461198F /* [CP] Check Pods Manifest.lock */,
				84A956052D71636100A80D39 /* Swift Gen */,
				84342F3B2D715D9200094E7C /* Sources */,
				84342F3C2D715D9200094E7C /* Frameworks */,
				84342F3D2D715D9200094E7C /* Resources */,
				84AC9C212D71CC9A0009A078 /* Crashlytic */,
				84347FCB2D77EAB6004B33FA /* Swift Lint */,
			);
			buildRules = (
			);
			dependencies = (
			);
			fileSystemSynchronizedGroups = (
				84342F412D715D9200094E7C /* Melodic */,
			);
			name = Melodic;
			productName = melodic;
			productReference = 84342F3F2D715D9200094E7C /* Melodic.app */;
			productType = "com.apple.product-type.application";
		};
/* End PBXNativeTarget section */

/* Begin PBXProject section */
		84342F372D715D9200094E7C /* Project object */ = {
			isa = PBXProject;
			attributes = {
				BuildIndependentTargetsInParallel = 1;
				LastSwiftUpdateCheck = 1620;
				LastUpgradeCheck = 1620;
				TargetAttributes = {
					84342F3E2D715D9200094E7C = {
						CreatedOnToolsVersion = 16.2;
					};
				};
			};
			buildConfigurationList = 84342F3A2D715D9200094E7C /* Build configuration list for PBXProject "Melodic" */;
			developmentRegion = en;
			hasScannedForEncodings = 0;
			knownRegions = (
				en,
				Base,
			);
			mainGroup = 84342F362D715D9200094E7C;
			minimizedProjectReferenceProxies = 1;
			packageReferences = (
				84A956692D716A3200A80D39 /* XCRemoteSwiftPackageReference "Alamofire" */,
				84A956792D716D7B00A80D39 /* XCRemoteSwiftPackageReference "firebase-ios-sdk" */,
				84EC448C2D759EED00A8833A /* XCRemoteSwiftPackageReference "LastFM" */,
				846926B62D75A1BE003DBDCD /* XCRemoteSwiftPackageReference "Cache" */,
				846926B92D75A1D4003DBDCD /* XCRemoteSwiftPackageReference "CryptoSwift" */,
				846926BC2D75A1E8003DBDCD /* XCRemoteSwiftPackageReference "FancyScrollView" */,
				846926BF2D75A1FD003DBDCD /* XCRemoteSwiftPackageReference "Kingfisher" */,
				846926C22D75A211003DBDCD /* XCRemoteSwiftPackageReference "NotificationBanner" */,
				846926CC2D75A23D003DBDCD /* XCRemoteSwiftPackageReference "Valet" */,
				84347FCA2D77E9A2004B33FA /* XCRemoteSwiftPackageReference "SwiftLintPlugins" */,
			);
			preferredProjectObjectVersion = 77;
			productRefGroup = 84342F402D715D9200094E7C /* Products */;
			projectDirPath = "";
			projectRoot = "";
			targets = (
				84342F3E2D715D9200094E7C /* Melodic */,
			);
		};
/* End PBXProject section */

/* Begin PBXResourcesBuildPhase section */
		84342F3D2D715D9200094E7C /* Resources */ = {
			isa = PBXResourcesBuildPhase;
			buildActionMask = 2147483647;
			files = (
				84A956032D71635200A80D39 /* swiftgen.yml in Resources */,
				84347FD12D77F16C004B33FA /* .swiftlint.yml in Resources */,
			);
			runOnlyForDeploymentPostprocessing = 0;
		};
/* End PBXResourcesBuildPhase section */

/* Begin PBXShellScriptBuildPhase section */
		1AB8D9C58A4017749461198F /* [CP] Check Pods Manifest.lock */ = {
			isa = PBXShellScriptBuildPhase;
			buildActionMask = 2147483647;
			files = (
			);
			inputFileListPaths = (
			);
			inputPaths = (
				"${PODS_PODFILE_DIR_PATH}/Podfile.lock",
				"${PODS_ROOT}/Manifest.lock",
			);
			name = "[CP] Check Pods Manifest.lock";
			outputFileListPaths = (
			);
			outputPaths = (
				"$(DERIVED_FILE_DIR)/Pods-Melodic-checkManifestLockResult.txt",
			);
			runOnlyForDeploymentPostprocessing = 0;
			shellPath = /bin/sh;
			shellScript = "diff \"${PODS_PODFILE_DIR_PATH}/Podfile.lock\" \"${PODS_ROOT}/Manifest.lock\" > /dev/null\nif [ $? != 0 ] ; then\n    # print error to STDERR\n    echo \"error: The sandbox is not in sync with the Podfile.lock. Run 'pod install' or update your CocoaPods installation.\" >&2\n    exit 1\nfi\n# This output is used by Xcode 'outputs' to avoid re-running this script phase.\necho \"SUCCESS\" > \"${SCRIPT_OUTPUT_FILE_0}\"\n";
			showEnvVarsInLog = 0;
		};
		84347FCB2D77EAB6004B33FA /* Swift Lint */ = {
			isa = PBXShellScriptBuildPhase;
			alwaysOutOfDate = 1;
			buildActionMask = 2147483647;
			files = (
			);
			inputFileListPaths = (
			);
			inputPaths = (
			);
			name = "Swift Lint";
			outputFileListPaths = (
			);
			outputPaths = (
			);
			runOnlyForDeploymentPostprocessing = 0;
			shellPath = /bin/sh;
			shellScript = "# Type a script or drag a script file from your workspace to insert its path.\nif [[ \"$(uname -m)\" == arm64 ]]; then\n    export PATH=\"/opt/homebrew/bin:$PATH\"\nfi\n\nif which swiftlint > /dev/null; then\n  swiftlint\nelse\n  echo \"warning: SwiftLint not installed, download from https://github.com/realm/SwiftLint\"\nfi\n";
		};
		84A956052D71636100A80D39 /* Swift Gen */ = {
			isa = PBXShellScriptBuildPhase;
			alwaysOutOfDate = 1;
			buildActionMask = 2147483647;
			files = (
			);
			inputFileListPaths = (
			);
			inputPaths = (
			);
			name = "Swift Gen";
			outputFileListPaths = (
			);
			outputPaths = (
			);
			runOnlyForDeploymentPostprocessing = 0;
			shellPath = /bin/sh;
			shellScript = "# Type a script or drag a script file from your workspace to insert its path.\nif [[ -f \"${PODS_ROOT}/SwiftGen/bin/swiftgen\" ]]; then\n  \"${PODS_ROOT}/SwiftGen/bin/swiftgen\"\nelse\n  echo \"warning: SwiftGen is not installed. Run 'pod install --repo-update' to install it.\"\nfi\n";
		};
		84AC9C212D71CC9A0009A078 /* Crashlytic */ = {
			isa = PBXShellScriptBuildPhase;
			buildActionMask = 8;
			files = (
			);
			inputFileListPaths = (
			);
			inputPaths = (
			);
			name = Crashlytic;
			outputFileListPaths = (
			);
			outputPaths = (
			);
			runOnlyForDeploymentPostprocessing = 1;
			shellPath = /bin/sh;
			shellScript = "# Type a script or drag a script file from your workspace to insert its path.\n\"${BUILD_DIR%/Build/*}/SourcePackages/checkouts/firebase-ios-sdk/Crashlytics/run\"\n";
		};
/* End PBXShellScriptBuildPhase section */

/* Begin PBXSourcesBuildPhase section */
		84342F3B2D715D9200094E7C /* Sources */ = {
			isa = PBXSourcesBuildPhase;
			buildActionMask = 2147483647;
			files = (
			);
			runOnlyForDeploymentPostprocessing = 0;
		};
/* End PBXSourcesBuildPhase section */

/* Begin XCBuildConfiguration section */
		84342F4C2D715D9300094E7C /* Debug */ = {
			isa = XCBuildConfiguration;
			baseConfigurationReferenceAnchor = 84342F412D715D9200094E7C /* Melodic */;
			baseConfigurationReferenceRelativePath = Shared/Configuration/Debug.xcconfig;
			buildSettings = {
				ALWAYS_SEARCH_USER_PATHS = NO;
				ASSETCATALOG_COMPILER_GENERATE_SWIFT_ASSET_SYMBOL_EXTENSIONS = YES;
				CLANG_ANALYZER_NONNULL = YES;
				CLANG_ANALYZER_NUMBER_OBJECT_CONVERSION = YES_AGGRESSIVE;
				CLANG_CXX_LANGUAGE_STANDARD = "gnu++20";
				CLANG_ENABLE_MODULES = YES;
				CLANG_ENABLE_OBJC_ARC = YES;
				CLANG_ENABLE_OBJC_WEAK = YES;
				CLANG_WARN_BLOCK_CAPTURE_AUTORELEASING = YES;
				CLANG_WARN_BOOL_CONVERSION = YES;
				CLANG_WARN_COMMA = YES;
				CLANG_WARN_CONSTANT_CONVERSION = YES;
				CLANG_WARN_DEPRECATED_OBJC_IMPLEMENTATIONS = YES;
				CLANG_WARN_DIRECT_OBJC_ISA_USAGE = YES_ERROR;
				CLANG_WARN_DOCUMENTATION_COMMENTS = YES;
				CLANG_WARN_EMPTY_BODY = YES;
				CLANG_WARN_ENUM_CONVERSION = YES;
				CLANG_WARN_INFINITE_RECURSION = YES;
				CLANG_WARN_INT_CONVERSION = YES;
				CLANG_WARN_NON_LITERAL_NULL_CONVERSION = YES;
				CLANG_WARN_OBJC_IMPLICIT_RETAIN_SELF = YES;
				CLANG_WARN_OBJC_LITERAL_CONVERSION = YES;
				CLANG_WARN_OBJC_ROOT_CLASS = YES_ERROR;
				CLANG_WARN_QUOTED_INCLUDE_IN_FRAMEWORK_HEADER = YES;
				CLANG_WARN_RANGE_LOOP_ANALYSIS = YES;
				CLANG_WARN_STRICT_PROTOTYPES = YES;
				CLANG_WARN_SUSPICIOUS_MOVE = YES;
				CLANG_WARN_UNGUARDED_AVAILABILITY = YES_AGGRESSIVE;
				CLANG_WARN_UNREACHABLE_CODE = YES;
				CLANG_WARN__DUPLICATE_METHOD_MATCH = YES;
				COPY_PHASE_STRIP = NO;
				DEAD_CODE_STRIPPING = YES;
				DEBUG_INFORMATION_FORMAT = dwarf;
				ENABLE_STRICT_OBJC_MSGSEND = YES;
				ENABLE_TESTABILITY = YES;
				ENABLE_USER_SCRIPT_SANDBOXING = NO;
				GCC_C_LANGUAGE_STANDARD = gnu17;
				GCC_DYNAMIC_NO_PIC = NO;
				GCC_NO_COMMON_BLOCKS = YES;
				GCC_OPTIMIZATION_LEVEL = 0;
				GCC_PREPROCESSOR_DEFINITIONS = (
					"DEBUG=1",
					"$(inherited)",
				);
				GCC_WARN_64_TO_32_BIT_CONVERSION = YES;
				GCC_WARN_ABOUT_RETURN_TYPE = YES_ERROR;
				GCC_WARN_UNDECLARED_SELECTOR = YES;
				GCC_WARN_UNINITIALIZED_AUTOS = YES_AGGRESSIVE;
				GCC_WARN_UNUSED_FUNCTION = YES;
				GCC_WARN_UNUSED_VARIABLE = YES;
				LOCALIZATION_PREFERS_STRING_CATALOGS = YES;
				MTL_ENABLE_DEBUG_INFO = INCLUDE_SOURCE;
				MTL_FAST_MATH = YES;
				ONLY_ACTIVE_ARCH = YES;
				SWIFT_ACTIVE_COMPILATION_CONDITIONS = "DEBUG $(inherited)";
				SWIFT_OPTIMIZATION_LEVEL = "-Onone";
			};
			name = Debug;
		};
		84342F4D2D715D9300094E7C /* Release */ = {
			isa = XCBuildConfiguration;
			baseConfigurationReferenceAnchor = 84342F412D715D9200094E7C /* Melodic */;
			baseConfigurationReferenceRelativePath = Shared/Configuration/Release.xcconfig;
			buildSettings = {
				ALWAYS_SEARCH_USER_PATHS = NO;
				ASSETCATALOG_COMPILER_GENERATE_SWIFT_ASSET_SYMBOL_EXTENSIONS = YES;
				CLANG_ANALYZER_NONNULL = YES;
				CLANG_ANALYZER_NUMBER_OBJECT_CONVERSION = YES_AGGRESSIVE;
				CLANG_CXX_LANGUAGE_STANDARD = "gnu++20";
				CLANG_ENABLE_MODULES = YES;
				CLANG_ENABLE_OBJC_ARC = YES;
				CLANG_ENABLE_OBJC_WEAK = YES;
				CLANG_WARN_BLOCK_CAPTURE_AUTORELEASING = YES;
				CLANG_WARN_BOOL_CONVERSION = YES;
				CLANG_WARN_COMMA = YES;
				CLANG_WARN_CONSTANT_CONVERSION = YES;
				CLANG_WARN_DEPRECATED_OBJC_IMPLEMENTATIONS = YES;
				CLANG_WARN_DIRECT_OBJC_ISA_USAGE = YES_ERROR;
				CLANG_WARN_DOCUMENTATION_COMMENTS = YES;
				CLANG_WARN_EMPTY_BODY = YES;
				CLANG_WARN_ENUM_CONVERSION = YES;
				CLANG_WARN_INFINITE_RECURSION = YES;
				CLANG_WARN_INT_CONVERSION = YES;
				CLANG_WARN_NON_LITERAL_NULL_CONVERSION = YES;
				CLANG_WARN_OBJC_IMPLICIT_RETAIN_SELF = YES;
				CLANG_WARN_OBJC_LITERAL_CONVERSION = YES;
				CLANG_WARN_OBJC_ROOT_CLASS = YES_ERROR;
				CLANG_WARN_QUOTED_INCLUDE_IN_FRAMEWORK_HEADER = YES;
				CLANG_WARN_RANGE_LOOP_ANALYSIS = YES;
				CLANG_WARN_STRICT_PROTOTYPES = YES;
				CLANG_WARN_SUSPICIOUS_MOVE = YES;
				CLANG_WARN_UNGUARDED_AVAILABILITY = YES_AGGRESSIVE;
				CLANG_WARN_UNREACHABLE_CODE = YES;
				CLANG_WARN__DUPLICATE_METHOD_MATCH = YES;
				COPY_PHASE_STRIP = NO;
				DEAD_CODE_STRIPPING = YES;
				DEBUG_INFORMATION_FORMAT = "dwarf-with-dsym";
				ENABLE_NS_ASSERTIONS = NO;
				ENABLE_STRICT_OBJC_MSGSEND = YES;
				ENABLE_USER_SCRIPT_SANDBOXING = NO;
				GCC_C_LANGUAGE_STANDARD = gnu17;
				GCC_NO_COMMON_BLOCKS = YES;
				GCC_WARN_64_TO_32_BIT_CONVERSION = YES;
				GCC_WARN_ABOUT_RETURN_TYPE = YES_ERROR;
				GCC_WARN_UNDECLARED_SELECTOR = YES;
				GCC_WARN_UNINITIALIZED_AUTOS = YES_AGGRESSIVE;
				GCC_WARN_UNUSED_FUNCTION = YES;
				GCC_WARN_UNUSED_VARIABLE = YES;
				LOCALIZATION_PREFERS_STRING_CATALOGS = YES;
				MTL_ENABLE_DEBUG_INFO = NO;
				MTL_FAST_MATH = YES;
				SWIFT_COMPILATION_MODE = wholemodule;
			};
			name = Release;
		};
		84342F4F2D715D9300094E7C /* Debug */ = {
			isa = XCBuildConfiguration;
			baseConfigurationReference = 2DC1A778F4C0D106D6E9471A /* Pods-Melodic.debug.xcconfig */;
			buildSettings = {
				ASSETCATALOG_COMPILER_APPICON_NAME = AppIconDebug;
				ASSETCATALOG_COMPILER_GLOBAL_ACCENT_COLOR_NAME = AccentColor;
				CODE_SIGN_ENTITLEMENTS = melodic/melodic.entitlements;
				CODE_SIGN_STYLE = Automatic;
				CURRENT_PROJECT_VERSION = 1;
				DEAD_CODE_STRIPPING = YES;
				DEVELOPMENT_ASSET_PATHS = "\"melodic/Preview Content\"";
				DEVELOPMENT_TEAM = B4N6G3C595;
				ENABLE_HARDENED_RUNTIME = YES;
				ENABLE_PREVIEWS = YES;
				GENERATE_INFOPLIST_FILE = YES;
				INFOPLIST_FILE = Melodic/Info.plist;
				INFOPLIST_KEY_LSApplicationCategoryType = "public.app-category.entertainment";
				"INFOPLIST_KEY_UIApplicationSceneManifest_Generation[sdk=iphoneos*]" = YES;
				"INFOPLIST_KEY_UIApplicationSceneManifest_Generation[sdk=iphonesimulator*]" = YES;
				INFOPLIST_KEY_UIApplicationSupportsIndirectInputEvents = YES;
				"INFOPLIST_KEY_UIApplicationSupportsIndirectInputEvents[sdk=iphoneos*]" = YES;
				"INFOPLIST_KEY_UIApplicationSupportsIndirectInputEvents[sdk=iphonesimulator*]" = YES;
				"INFOPLIST_KEY_UILaunchScreen_Generation[sdk=iphoneos*]" = YES;
				"INFOPLIST_KEY_UILaunchScreen_Generation[sdk=iphonesimulator*]" = YES;
				INFOPLIST_KEY_UIRequiredDeviceCapabilities = armv7;
				"INFOPLIST_KEY_UIStatusBarStyle[sdk=iphoneos*]" = UIStatusBarStyleDefault;
				"INFOPLIST_KEY_UIStatusBarStyle[sdk=iphonesimulator*]" = UIStatusBarStyleDefault;
				INFOPLIST_KEY_UISupportedInterfaceOrientations = UIInterfaceOrientationPortrait;
				INFOPLIST_KEY_UIUserInterfaceStyle = Dark;
				IPHONEOS_DEPLOYMENT_TARGET = 18.2;
				LD_RUNPATH_SEARCH_PATHS = "@executable_path/Frameworks";
				"LD_RUNPATH_SEARCH_PATHS[sdk=macosx*]" = "@executable_path/../Frameworks";
				MACOSX_DEPLOYMENT_TARGET = 15.2;
				MARKETING_VERSION = 1.0;
				PRODUCT_BUNDLE_IDENTIFIER = com.ntmduc.melodic;
				"PRODUCT_BUNDLE_IDENTIFIER[sdk=iphoneos*]" = "--APP-BUNDLE-ID-";
				PRODUCT_NAME = "$(TARGET_NAME)";
				SDKROOT = auto;
				SUPPORTED_PLATFORMS = "iphoneos iphonesimulator macosx xros xrsimulator";
				SWIFT_EMIT_LOC_STRINGS = YES;
				SWIFT_VERSION = 5.0;
				TARGETED_DEVICE_FAMILY = "1,2,7";
				XROS_DEPLOYMENT_TARGET = 2.2;
			};
			name = Debug;
		};
		84342F502D715D9300094E7C /* Release */ = {
			isa = XCBuildConfiguration;
			baseConfigurationReference = 12656F52FA51AC52AE4780A3 /* Pods-Melodic.release.xcconfig */;
			buildSettings = {
				ASSETCATALOG_COMPILER_APPICON_NAME = AppIconRelease;
				ASSETCATALOG_COMPILER_GLOBAL_ACCENT_COLOR_NAME = AccentColor;
				CODE_SIGN_ENTITLEMENTS = melodic/melodic.entitlements;
				CODE_SIGN_STYLE = Automatic;
				CURRENT_PROJECT_VERSION = 1;
				DEAD_CODE_STRIPPING = YES;
				DEVELOPMENT_ASSET_PATHS = "\"melodic/Preview Content\"";
				DEVELOPMENT_TEAM = B4N6G3C595;
				ENABLE_HARDENED_RUNTIME = YES;
				ENABLE_PREVIEWS = YES;
				GENERATE_INFOPLIST_FILE = YES;
				INFOPLIST_FILE = Melodic/Info.plist;
				INFOPLIST_KEY_LSApplicationCategoryType = "public.app-category.entertainment";
				"INFOPLIST_KEY_UIApplicationSceneManifest_Generation[sdk=iphoneos*]" = YES;
				"INFOPLIST_KEY_UIApplicationSceneManifest_Generation[sdk=iphonesimulator*]" = YES;
				INFOPLIST_KEY_UIApplicationSupportsIndirectInputEvents = YES;
				"INFOPLIST_KEY_UIApplicationSupportsIndirectInputEvents[sdk=iphoneos*]" = YES;
				"INFOPLIST_KEY_UIApplicationSupportsIndirectInputEvents[sdk=iphonesimulator*]" = YES;
				"INFOPLIST_KEY_UILaunchScreen_Generation[sdk=iphoneos*]" = YES;
				"INFOPLIST_KEY_UILaunchScreen_Generation[sdk=iphonesimulator*]" = YES;
				INFOPLIST_KEY_UIRequiredDeviceCapabilities = armv7;
				"INFOPLIST_KEY_UIStatusBarStyle[sdk=iphoneos*]" = UIStatusBarStyleDefault;
				"INFOPLIST_KEY_UIStatusBarStyle[sdk=iphonesimulator*]" = UIStatusBarStyleDefault;
				INFOPLIST_KEY_UISupportedInterfaceOrientations = UIInterfaceOrientationPortrait;
				INFOPLIST_KEY_UIUserInterfaceStyle = Dark;
				IPHONEOS_DEPLOYMENT_TARGET = 18.2;
				LD_RUNPATH_SEARCH_PATHS = "@executable_path/Frameworks";
				"LD_RUNPATH_SEARCH_PATHS[sdk=macosx*]" = "@executable_path/../Frameworks";
				MACOSX_DEPLOYMENT_TARGET = 15.2;
				MARKETING_VERSION = 1.0;
				PRODUCT_BUNDLE_IDENTIFIER = com.ntmduc.melodic;
				"PRODUCT_BUNDLE_IDENTIFIER[sdk=iphoneos*]" = "--APP-BUNDLE-ID-";
				PRODUCT_NAME = "$(TARGET_NAME)";
				SDKROOT = auto;
				SUPPORTED_PLATFORMS = "iphoneos iphonesimulator macosx xros xrsimulator";
				SWIFT_EMIT_LOC_STRINGS = YES;
				SWIFT_VERSION = 5.0;
				TARGETED_DEVICE_FAMILY = "1,2,7";
				XROS_DEPLOYMENT_TARGET = 2.2;
			};
			name = Release;
		};
/* End XCBuildConfiguration section */

/* Begin XCConfigurationList section */
		84342F3A2D715D9200094E7C /* Build configuration list for PBXProject "Melodic" */ = {
			isa = XCConfigurationList;
			buildConfigurations = (
				84342F4C2D715D9300094E7C /* Debug */,
				84342F4D2D715D9300094E7C /* Release */,
			);
			defaultConfigurationIsVisible = 0;
			defaultConfigurationName = Debug;
		};
		84342F4E2D715D9300094E7C /* Build configuration list for PBXNativeTarget "Melodic" */ = {
			isa = XCConfigurationList;
			buildConfigurations = (
				84342F4F2D715D9300094E7C /* Debug */,
				84342F502D715D9300094E7C /* Release */,
			);
			defaultConfigurationIsVisible = 0;
			defaultConfigurationName = Debug;
		};
/* End XCConfigurationList section */

/* Begin XCRemoteSwiftPackageReference section */
		84347FCA2D77E9A2004B33FA /* XCRemoteSwiftPackageReference "SwiftLintPlugins" */ = {
			isa = XCRemoteSwiftPackageReference;
			repositoryURL = "https://github.com/SimplyDanny/SwiftLintPlugins";
			requirement = {
				kind = upToNextMajorVersion;
				minimumVersion = 0.58.2;
			};
		};
		846926B62D75A1BE003DBDCD /* XCRemoteSwiftPackageReference "Cache" */ = {
			isa = XCRemoteSwiftPackageReference;
			repositoryURL = "https://github.com/hyperoslo/Cache.git";
			requirement = {
				kind = upToNextMajorVersion;
				minimumVersion = 7.4.0;
			};
		};
		846926B92D75A1D4003DBDCD /* XCRemoteSwiftPackageReference "CryptoSwift" */ = {
			isa = XCRemoteSwiftPackageReference;
			repositoryURL = "https://github.com/krzyzanowskim/CryptoSwift.git";
			requirement = {
				kind = upToNextMajorVersion;
				minimumVersion = 1.8.4;
			};
		};
		846926BC2D75A1E8003DBDCD /* XCRemoteSwiftPackageReference "FancyScrollView" */ = {
			isa = XCRemoteSwiftPackageReference;
			repositoryURL = "https://github.com/nerdsupremacist/FancyScrollView.git";
			requirement = {
				kind = upToNextMajorVersion;
				minimumVersion = 0.1.4;
			};
		};
		846926BF2D75A1FD003DBDCD /* XCRemoteSwiftPackageReference "Kingfisher" */ = {
			isa = XCRemoteSwiftPackageReference;
			repositoryURL = "https://github.com/onevcat/Kingfisher";
			requirement = {
				kind = upToNextMajorVersion;
				minimumVersion = 8.2.0;
			};
		};
		846926C22D75A211003DBDCD /* XCRemoteSwiftPackageReference "NotificationBanner" */ = {
			isa = XCRemoteSwiftPackageReference;
			repositoryURL = "https://github.com/eenwak/NotificationBanner";
			requirement = {
				kind = upToNextMajorVersion;
				minimumVersion = 3.0.7;
			};
		};
		846926CC2D75A23D003DBDCD /* XCRemoteSwiftPackageReference "Valet" */ = {
			isa = XCRemoteSwiftPackageReference;
			repositoryURL = "https://github.com/square/Valet.git";
			requirement = {
				kind = upToNextMajorVersion;
				minimumVersion = 5.0.0;
			};
		};
		84A956692D716A3200A80D39 /* XCRemoteSwiftPackageReference "Alamofire" */ = {
			isa = XCRemoteSwiftPackageReference;
			repositoryURL = "https://github.com/Alamofire/Alamofire.git";
			requirement = {
				kind = upToNextMajorVersion;
				minimumVersion = 5.10.2;
			};
		};
		84A956792D716D7B00A80D39 /* XCRemoteSwiftPackageReference "firebase-ios-sdk" */ = {
			isa = XCRemoteSwiftPackageReference;
			repositoryURL = "https://github.com/firebase/firebase-ios-sdk";
			requirement = {
				kind = upToNextMajorVersion;
				minimumVersion = 11.9.0;
			};
		};
		84EC448C2D759EED00A8833A /* XCRemoteSwiftPackageReference "LastFM" */ = {
			isa = XCRemoteSwiftPackageReference;
			repositoryURL = "https://github.com/duhnnie/LastFM.swift";
			requirement = {
				kind = upToNextMajorVersion;
				minimumVersion = 1.5.2;
			};
		};
/* End XCRemoteSwiftPackageReference section */

/* Begin XCSwiftPackageProductDependency section */
		84629FD42D717D7E006D34B9 /* Alamofire */ = {
			isa = XCSwiftPackageProductDependency;
			package = 84A956692D716A3200A80D39 /* XCRemoteSwiftPackageReference "Alamofire" */;
			productName = Alamofire;
		};
		84629FD62D717DC0006D34B9 /* Alamofire */ = {
			isa = XCSwiftPackageProductDependency;
			package = 84A956692D716A3200A80D39 /* XCRemoteSwiftPackageReference "Alamofire" */;
			productName = Alamofire;
		};
		846926B72D75A1BE003DBDCD /* Cache */ = {
			isa = XCSwiftPackageProductDependency;
			package = 846926B62D75A1BE003DBDCD /* XCRemoteSwiftPackageReference "Cache" */;
			productName = Cache;
		};
		846926BA2D75A1D4003DBDCD /* CryptoSwift */ = {
			isa = XCSwiftPackageProductDependency;
			package = 846926B92D75A1D4003DBDCD /* XCRemoteSwiftPackageReference "CryptoSwift" */;
			productName = CryptoSwift;
		};
		846926BD2D75A1E8003DBDCD /* FancyScrollView */ = {
			isa = XCSwiftPackageProductDependency;
			package = 846926BC2D75A1E8003DBDCD /* XCRemoteSwiftPackageReference "FancyScrollView" */;
			productName = FancyScrollView;
		};
		846926C02D75A1FD003DBDCD /* Kingfisher */ = {
			isa = XCSwiftPackageProductDependency;
			package = 846926BF2D75A1FD003DBDCD /* XCRemoteSwiftPackageReference "Kingfisher" */;
			productName = Kingfisher;
		};
		846926C32D75A211003DBDCD /* NotificationBannerSwift */ = {
			isa = XCSwiftPackageProductDependency;
			package = 846926C22D75A211003DBDCD /* XCRemoteSwiftPackageReference "NotificationBanner" */;
			productName = NotificationBannerSwift;
		};
		846926CD2D75A23D003DBDCD /* Valet */ = {
			isa = XCSwiftPackageProductDependency;
			package = 846926CC2D75A23D003DBDCD /* XCRemoteSwiftPackageReference "Valet" */;
			productName = Valet;
		};
		84A958D12D71755900A80D39 /* FirebaseAnalytics */ = {
			isa = XCSwiftPackageProductDependency;
			productName = FirebaseAnalytics;
		};
		84A958D32D71755900A80D39 /* FirebaseAnalyticsOnDeviceConversion */ = {
			isa = XCSwiftPackageProductDependency;
			productName = FirebaseAnalyticsOnDeviceConversion;
		};
		84A958D52D71755900A80D39 /* FirebaseAnalyticsWithoutAdIdSupport */ = {
			isa = XCSwiftPackageProductDependency;
			productName = FirebaseAnalyticsWithoutAdIdSupport;
		};
		84A958D72D71755900A80D39 /* FirebaseAppCheck */ = {
			isa = XCSwiftPackageProductDependency;
			productName = FirebaseAppCheck;
		};
		84A958D92D71755900A80D39 /* FirebaseAppDistribution-Beta */ = {
			isa = XCSwiftPackageProductDependency;
			productName = "FirebaseAppDistribution-Beta";
		};
		84AC9BC52D7193B70009A078 /* FirebaseAnalytics */ = {
			isa = XCSwiftPackageProductDependency;
			productName = FirebaseAnalytics;
		};
		84AC9BC72D7193B70009A078 /* FirebaseAnalyticsOnDeviceConversion */ = {
			isa = XCSwiftPackageProductDependency;
			productName = FirebaseAnalyticsOnDeviceConversion;
		};
		84AC9BC92D7193B70009A078 /* FirebaseAnalyticsWithoutAdIdSupport */ = {
			isa = XCSwiftPackageProductDependency;
			productName = FirebaseAnalyticsWithoutAdIdSupport;
		};
		84AC9BCB2D7193B70009A078 /* FirebaseCore */ = {
			isa = XCSwiftPackageProductDependency;
			productName = FirebaseCore;
		};
		84AC9BCD2D7193B70009A078 /* FirebaseCrashlytics */ = {
			isa = XCSwiftPackageProductDependency;
			productName = FirebaseCrashlytics;
		};
		84EC448D2D759EED00A8833A /* LastFM */ = {
			isa = XCSwiftPackageProductDependency;
			package = 84EC448C2D759EED00A8833A /* XCRemoteSwiftPackageReference "LastFM" */;
			productName = LastFM;
		};
/* End XCSwiftPackageProductDependency section */
	};
	rootObject = 84342F372D715D9200094E7C /* Project object */;
}
